{
  "nodes": {
    "nixpkgs": {
      "locked": {
        "lastModified": 1665634984,
        "narHash": "sha256-zwXeMc96BD9iFxSB/SLr3dI8iYpqM+seX9qy6bGV+cw=",
        "path": "/nix/store/qxdnmb9fv3n122n06qx79zm0mbm37q99-source",
        "rev": "cfea568da97a2668ef3cb3fc42eaacfb0e706807",
        "type": "path"
      },
      "original": {
        "id": "nixpkgs",
        "type": "indirect"
      }
    },
    "root": {
      "inputs": {
        "nixpkgs": "nixpkgs"
      }
    }
  },
  "root": "root",
  "version": 7
}
